dependencies:
- name: generic
  repository: file://../generic
  version: 0.1.21
- name: oauth2-proxy
  repository: https://oauth2-proxy.github.io/manifests
  version: 10.0.0
digest: sha256:4ede04afafa529e6b369d7802c5838b19a22d282924f79eb2bd33dac2eda241d
generated: "2026-01-05T11:19:53.161222198+01:00"
