dependencies:
- name: generic
  repository: file://../generic
  version: 0.1.30
- name: oauth2-proxy
  repository: https://oauth2-proxy.github.io/manifests
  version: 10.1.3
digest: sha256:09bc3fb92394f0df95ccc6284a8f35b0cbfcf7189d9599a3be55f091889e1471
generated: "2026-02-14T14:00:41.948438351+01:00"
